{
  "requires": true,
  "lockfileVersion": 1,
  "dependencies": {
    "p-sleep": {
      "version": "1.1.0",
      "resolved": "https://registry.npmjs.org/p-sleep/-/p-sleep-1.1.0.tgz",
      "integrity": "sha512-bwP3GKZirBUYMtiUuBrheLUQdRXVeE/pmHOaLpNJzNfAD4b5AjDn6l823brXcQFade4G/g7GMNQ3KV86E8EaEw=="
    },
    "react-tinder-card": {
      "version": "1.3.1",
      "resolved": "https://registry.npmjs.org/react-tinder-card/-/react-tinder-card-1.3.1.tgz",
      "integrity": "sha512-3W4ltSEz44KHqUbds38/dPPkPkSfYdyqVbB9SyV0Lg7juh/BjmIG+YGGrHgxTQhJ5t5RxXUDdIHQ9ewanV4iTg==",
      "requires": {
        "p-sleep": "^1.1.0"
      }
    }
  }
}
